
Microsoft Visual Studio Solution File, Format Version 12.00
# Visual Studio Version 16
VisualStudioVersion = 16.0.28701.123
MinimumVisualStudioVersion = 10.0.40219.1
Project("{FAE04EC0-301F-11D3-BF4B-00C04F79EFBC}") = "Secure_gRpc.Server", "Secure_gRpc\Secure_gRpc.Server\Secure_gRpc.Server.csproj", "{65706EAF-5A07-4FE9-BB86-D227D9E9A5EC}"
EndProject
Project("{FAE04EC0-301F-11D3-BF4B-00C04F79EFBC}") = "Secure_gRpc.Client", "Secure_gRpc\Secure_gRpc.Client\Secure_gRpc.Client.csproj", "{E1A8E180-B5EC-4E70-A6A0-63EC72C5F421}"
EndProject
Project("{9A19103F-16F7-4668-BE54-9A1E7A4F7556}") = "StsServerIdentity", "Secure_gRpc\StsServer\StsServerIdentity.csproj", "{CAEDA2FB-FCFE-4AD1-A718-1FB44DC78A9C}"
EndProject
Project("{2150E333-8FDC-42A3-9474-1A3956D46DE8}") = "Solution Items", "Solution Items", "{7225BCFB-C0AB-42F2-BCD9-2AA743B0873A}"
	ProjectSection(SolutionItems) = preProject
		README.md = README.md
	EndProjectSection
EndProject
Global
	GlobalSection(SolutionConfigurationPlatforms) = preSolution
		Debug|Any CPU = Debug|Any CPU
		Release|Any CPU = Release|Any CPU
	EndGlobalSection
	GlobalSection(ProjectConfigurationPlatforms) = postSolution
		{65706EAF-5A07-4FE9-BB86-D227D9E9A5EC}.Debug|Any CPU.ActiveCfg = Debug|Any CPU
		{65706EAF-5A07-4FE9-BB86-D227D9E9A5EC}.Debug|Any CPU.Build.0 = Debug|Any CPU
		{65706EAF-5A07-4FE9-BB86-D227D9E9A5EC}.Release|Any CPU.ActiveCfg = Release|Any CPU
		{65706EAF-5A07-4FE9-BB86-D227D9E9A5EC}.Release|Any CPU.Build.0 = Release|Any CPU
		{E1A8E180-B5EC-4E70-A6A0-63EC72C5F421}.Debug|Any CPU.ActiveCfg = Debug|Any CPU
		{E1A8E180-B5EC-4E70-A6A0-63EC72C5F421}.Debug|Any CPU.Build.0 = Debug|Any CPU
		{E1A8E180-B5EC-4E70-A6A0-63EC72C5F421}.Release|Any CPU.ActiveCfg = Release|Any CPU
		{E1A8E180-B5EC-4E70-A6A0-63EC72C5F421}.Release|Any CPU.Build.0 = Release|Any CPU
		{CAEDA2FB-FCFE-4AD1-A718-1FB44DC78A9C}.Debug|Any CPU.ActiveCfg = Debug|Any CPU
		{CAEDA2FB-FCFE-4AD1-A718-1FB44DC78A9C}.Debug|Any CPU.Build.0 = Debug|Any CPU
		{CAEDA2FB-FCFE-4AD1-A718-1FB44DC78A9C}.Release|Any CPU.ActiveCfg = Release|Any CPU
		{CAEDA2FB-FCFE-4AD1-A718-1FB44DC78A9C}.Release|Any CPU.Build.0 = Release|Any CPU
	EndGlobalSection
	GlobalSection(SolutionProperties) = preSolution
		HideSolutionNode = FALSE
	EndGlobalSection
	GlobalSection(ExtensibilityGlobals) = postSolution
		SolutionGuid = {5B7BB400-560F-4460-A88C-E39DD41A71FC}
	EndGlobalSection
EndGlobal
